// !$*UTF8*$!
{
	archiveVersion = 1;
	classes = {
	};
	objectVersion = 55;
	objects = {

/* Begin PBXBuildFile section */
		212AA07585DB47BA1B8F4E1B /* AmplifyModels.swift in Sources */ = {isa = PBXBuildFile; fileRef = F66A5EEB1B8BA79F2A03CCAC /* AmplifyModels.swift */; };
		32A7043C387BADCC68EE86FA /* Post+Schema.swift in Sources */ = {isa = PBXBuildFile; fileRef = CCC232BBD8AAA851213D0A91 /* Post+Schema.swift */; };
		8B096F7269B7F566DEBD6205 /* Post.swift in Sources */ = {isa = PBXBuildFile; fileRef = BCB261946D7120200185CD94 /* Post.swift */; };
		E12E5853272D34B5006B0D52 /* ClothingItem+Extension.swift in Sources */ = {isa = PBXBuildFile; fileRef = E12E5852272D34B5006B0D52 /* ClothingItem+Extension.swift */; };
		E12E5859272D417C006B0D52 /* Assets.xcassets in Resources */ = {isa = PBXBuildFile; fileRef = E12E5858272D417C006B0D52 /* Assets.xcassets */; };
		E12E5891272D4CE2006B0D52 /* AppDelegate.swift in Sources */ = {isa = PBXBuildFile; fileRef = E12E5890272D4CE2006B0D52 /* AppDelegate.swift */; };
		E12E5897272DBBF7006B0D52 /* Post+Extensions.swift in Sources */ = {isa = PBXBuildFile; fileRef = E12E5896272DBBF7006B0D52 /* Post+Extensions.swift */; };
		E1926C3B273069E50071FDCF /* awsconfiguration.json in Resources */ = {isa = PBXBuildFile; fileRef = E1926C39273069E50071FDCF /* awsconfiguration.json */; };
		E1926C3C273069E50071FDCF /* amplifyconfiguration.json in Resources */ = {isa = PBXBuildFile; fileRef = E1926C3A273069E50071FDCF /* amplifyconfiguration.json */; };
		E1ED1CE7272D0EE300AD6034 /* OutfittersApp.swift in Sources */ = {isa = PBXBuildFile; fileRef = E1ED1CE6272D0EE300AD6034 /* OutfittersApp.swift */; };
		E1ED1CEE272D0EE500AD6034 /* Preview Assets.xcassets in Resources */ = {isa = PBXBuildFile; fileRef = E1ED1CED272D0EE500AD6034 /* Preview Assets.xcassets */; };
		E1ED1CF9272D0FB600AD6034 /* ContentView.swift in Sources */ = {isa = PBXBuildFile; fileRef = E1ED1CF8272D0FB600AD6034 /* ContentView.swift */; };
		E1ED1CFB272D0FE900AD6034 /* SUImagePickerView.swift in Sources */ = {isa = PBXBuildFile; fileRef = E1ED1CFA272D0FE900AD6034 /* SUImagePickerView.swift */; };
		E1ED1CFD272D103100AD6034 /* AddClothesView.swift in Sources */ = {isa = PBXBuildFile; fileRef = E1ED1CFC272D103100AD6034 /* AddClothesView.swift */; };
		E1ED1CFF272D10F900AD6034 /* VIewRouter.swift in Sources */ = {isa = PBXBuildFile; fileRef = E1ED1CFE272D10F900AD6034 /* VIewRouter.swift */; };
		E1ED1D0C272D19E900AD6034 /* Extensions.swift in Sources */ = {isa = PBXBuildFile; fileRef = E1ED1D0B272D19E900AD6034 /* Extensions.swift */; };
		E1ED1D0E272D221500AD6034 /* ClosetView.swift in Sources */ = {isa = PBXBuildFile; fileRef = E1ED1D0D272D221500AD6034 /* ClosetView.swift */; };
		E7E834622AFC1DC0C89A90C5 /* Pods_Outfitters.framework in Frameworks */ = {isa = PBXBuildFile; fileRef = EF9C3E2BD9F7FE327E3A9C74 /* Pods_Outfitters.framework */; };
/* End PBXBuildFile section */

/* Begin PBXCopyFilesBuildPhase section */
		E18B1C30272F5E4200744C68 /* Embed Frameworks */ = {
			isa = PBXCopyFilesBuildPhase;
			buildActionMask = 2147483647;
			dstPath = "";
			dstSubfolderSpec = 10;
			files = (
			);
			name = "Embed Frameworks";
			runOnlyForDeploymentPostprocessing = 0;
		};
/* End PBXCopyFilesBuildPhase section */

/* Begin PBXFileReference section */
		5E59AACB188509280D23FC18 /* Pods-Outfitters.debug.xcconfig */ = {isa = PBXFileReference; includeInIndex = 1; lastKnownFileType = text.xcconfig; name = "Pods-Outfitters.debug.xcconfig"; path = "Target Support Files/Pods-Outfitters/Pods-Outfitters.debug.xcconfig"; sourceTree = "<group>"; };
		9D2E7693DBDCF603DD049185 /* Pods-Outfitters.release.xcconfig */ = {isa = PBXFileReference; includeInIndex = 1; lastKnownFileType = text.xcconfig; name = "Pods-Outfitters.release.xcconfig"; path = "Target Support Files/Pods-Outfitters/Pods-Outfitters.release.xcconfig"; sourceTree = "<group>"; };
		BCB261946D7120200185CD94 /* Post.swift */ = {isa = PBXFileReference; explicitFileType = sourcecode.swift; name = Post.swift; path = amplify/generated/models/Post.swift; sourceTree = "<group>"; };
		CCC232BBD8AAA851213D0A91 /* Post+Schema.swift */ = {isa = PBXFileReference; explicitFileType = sourcecode.swift; name = "Post+Schema.swift"; path = "amplify/generated/models/Post+Schema.swift"; sourceTree = "<group>"; };
		E12E5852272D34B5006B0D52 /* ClothingItem+Extension.swift */ = {isa = PBXFileReference; lastKnownFileType = sourcecode.swift; path = "ClothingItem+Extension.swift"; sourceTree = "<group>"; };
		E12E5858272D417C006B0D52 /* Assets.xcassets */ = {isa = PBXFileReference; lastKnownFileType = folder.assetcatalog; path = Assets.xcassets; sourceTree = SOURCE_ROOT; };
		E12E5880272D48CE006B0D52 /* Amplify.framework */ = {isa = PBXFileReference; explicitFileType = wrapper.framework; path = Amplify.framework; sourceTree = BUILT_PRODUCTS_DIR; };
		E12E5890272D4CE2006B0D52 /* AppDelegate.swift */ = {isa = PBXFileReference; lastKnownFileType = sourcecode.swift; path = AppDelegate.swift; sourceTree = "<group>"; };
		E12E5896272DBBF7006B0D52 /* Post+Extensions.swift */ = {isa = PBXFileReference; lastKnownFileType = sourcecode.swift; path = "Post+Extensions.swift"; sourceTree = "<group>"; };
		E18B1C05272F5CF300744C68 /* Amplify.framework */ = {isa = PBXFileReference; explicitFileType = wrapper.framework; path = Amplify.framework; sourceTree = BUILT_PRODUCTS_DIR; };
		E18B1C06272F5CF300744C68 /* AmplifyPlugins.framework */ = {isa = PBXFileReference; explicitFileType = wrapper.framework; path = AmplifyPlugins.framework; sourceTree = BUILT_PRODUCTS_DIR; };
		E18B1C07272F5CF300744C68 /* AppSyncRealTimeClient.framework */ = {isa = PBXFileReference; explicitFileType = wrapper.framework; path = AppSyncRealTimeClient.framework; sourceTree = BUILT_PRODUCTS_DIR; };
		E18B1C08272F5CF300744C68 /* AWSAuthCore.framework */ = {isa = PBXFileReference; explicitFileType = wrapper.framework; path = AWSAuthCore.framework; sourceTree = BUILT_PRODUCTS_DIR; };
		E18B1C09272F5CF300744C68 /* AWSCognitoIdentityProvider.framework */ = {isa = PBXFileReference; explicitFileType = wrapper.framework; path = AWSCognitoIdentityProvider.framework; sourceTree = BUILT_PRODUCTS_DIR; };
		E18B1C0A272F5CF300744C68 /* AWSCognitoIdentityProviderASF.framework */ = {isa = PBXFileReference; explicitFileType = wrapper.framework; path = AWSCognitoIdentityProviderASF.framework; sourceTree = BUILT_PRODUCTS_DIR; };
		E18B1C0B272F5CF300744C68 /* AWSCore.framework */ = {isa = PBXFileReference; explicitFileType = wrapper.framework; path = AWSCore.framework; sourceTree = BUILT_PRODUCTS_DIR; };
		E18B1C0C272F5CF300744C68 /* AWSMobileClient.framework */ = {isa = PBXFileReference; explicitFileType = wrapper.framework; path = AWSMobileClient.framework; sourceTree = BUILT_PRODUCTS_DIR; };
		E18B1C0D272F5CF300744C68 /* AWSPluginsCore.framework */ = {isa = PBXFileReference; explicitFileType = wrapper.framework; path = AWSPluginsCore.framework; sourceTree = BUILT_PRODUCTS_DIR; };
		E18B1C0E272F5CF300744C68 /* AWSS3.framework */ = {isa = PBXFileReference; explicitFileType = wrapper.framework; path = AWSS3.framework; sourceTree = BUILT_PRODUCTS_DIR; };
		E18B1C0F272F5CF300744C68 /* PhotoRoomKit.framework */ = {isa = PBXFileReference; explicitFileType = wrapper.framework; path = PhotoRoomKit.framework; sourceTree = BUILT_PRODUCTS_DIR; };
		E18B1C27272F5CF900744C68 /* SQLite.framework */ = {isa = PBXFileReference; explicitFileType = wrapper.framework; path = SQLite.framework; sourceTree = BUILT_PRODUCTS_DIR; };
		E18B1C2D272F5E4200744C68 /* SQLite.framework */ = {isa = PBXFileReference; explicitFileType = wrapper.framework; path = SQLite.framework; sourceTree = BUILT_PRODUCTS_DIR; };
		E18B1C37272F790700744C68 /* Info.plist */ = {isa = PBXFileReference; lastKnownFileType = text.plist; path = Info.plist; sourceTree = "<group>"; };
		E1926C39273069E50071FDCF /* awsconfiguration.json */ = {isa = PBXFileReference; fileEncoding = 4; lastKnownFileType = text.json; path = awsconfiguration.json; sourceTree = "<group>"; };
		E1926C3A273069E50071FDCF /* amplifyconfiguration.json */ = {isa = PBXFileReference; fileEncoding = 4; lastKnownFileType = text.json; path = amplifyconfiguration.json; sourceTree = "<group>"; };
		E1ED1CE3272D0EE300AD6034 /* Outfitters.app */ = {isa = PBXFileReference; explicitFileType = wrapper.application; includeInIndex = 0; path = Outfitters.app; sourceTree = BUILT_PRODUCTS_DIR; };
		E1ED1CE6272D0EE300AD6034 /* OutfittersApp.swift */ = {isa = PBXFileReference; lastKnownFileType = sourcecode.swift; path = OutfittersApp.swift; sourceTree = "<group>"; };
		E1ED1CED272D0EE500AD6034 /* Preview Assets.xcassets */ = {isa = PBXFileReference; lastKnownFileType = folder.assetcatalog; path = "Preview Assets.xcassets"; sourceTree = "<group>"; };
		E1ED1CF8272D0FB600AD6034 /* ContentView.swift */ = {isa = PBXFileReference; lastKnownFileType = sourcecode.swift; path = ContentView.swift; sourceTree = "<group>"; };
		E1ED1CFA272D0FE900AD6034 /* SUImagePickerView.swift */ = {isa = PBXFileReference; fileEncoding = 4; lastKnownFileType = sourcecode.swift; path = SUImagePickerView.swift; sourceTree = "<group>"; };
		E1ED1CFC272D103100AD6034 /* AddClothesView.swift */ = {isa = PBXFileReference; fileEncoding = 4; lastKnownFileType = sourcecode.swift; path = AddClothesView.swift; sourceTree = "<group>"; };
		E1ED1CFE272D10F900AD6034 /* VIewRouter.swift */ = {isa = PBXFileReference; lastKnownFileType = sourcecode.swift; path = VIewRouter.swift; sourceTree = "<group>"; };
		E1ED1D0B272D19E900AD6034 /* Extensions.swift */ = {isa = PBXFileReference; lastKnownFileType = sourcecode.swift; path = Extensions.swift; sourceTree = "<group>"; };
		E1ED1D0D272D221500AD6034 /* ClosetView.swift */ = {isa = PBXFileReference; lastKnownFileType = sourcecode.swift; path = ClosetView.swift; sourceTree = "<group>"; };
		EF9C3E2BD9F7FE327E3A9C74 /* Pods_Outfitters.framework */ = {isa = PBXFileReference; explicitFileType = wrapper.framework; includeInIndex = 0; path = Pods_Outfitters.framework; sourceTree = BUILT_PRODUCTS_DIR; };
		F66A5EEB1B8BA79F2A03CCAC /* AmplifyModels.swift */ = {isa = PBXFileReference; explicitFileType = sourcecode.swift; name = AmplifyModels.swift; path = amplify/generated/models/AmplifyModels.swift; sourceTree = "<group>"; };
/* End PBXFileReference section */

/* Begin PBXFrameworksBuildPhase section */
		E1ED1CE0272D0EE300AD6034 /* Frameworks */ = {
			isa = PBXFrameworksBuildPhase;
			buildActionMask = 2147483647;
			files = (
				E7E834622AFC1DC0C89A90C5 /* Pods_Outfitters.framework in Frameworks */,
			);
			runOnlyForDeploymentPostprocessing = 0;
		};
/* End PBXFrameworksBuildPhase section */

/* Begin PBXGroup section */
		0FFAAE7C233D250CF85E3BA9 /* Pods */ = {
			isa = PBXGroup;
			children = (
				5E59AACB188509280D23FC18 /* Pods-Outfitters.debug.xcconfig */,
				9D2E7693DBDCF603DD049185 /* Pods-Outfitters.release.xcconfig */,
			);
			path = Pods;
			sourceTree = "<group>";
		};
		4AA136D4B690790B08C2B814 /* AmplifyModels */ = {
			isa = PBXGroup;
			children = (
				F66A5EEB1B8BA79F2A03CCAC /* AmplifyModels.swift */,
				CCC232BBD8AAA851213D0A91 /* Post+Schema.swift */,
				BCB261946D7120200185CD94 /* Post.swift */,
			);
			name = AmplifyModels;
			sourceTree = "<group>";
		};
		E1ED1CDA272D0EE300AD6034 = {
			isa = PBXGroup;
			children = (
				E1ED1CE5272D0EE300AD6034 /* Outfitters */,
				E1ED1CE4272D0EE300AD6034 /* Products */,
				0FFAAE7C233D250CF85E3BA9 /* Pods */,
				E34D13788549D1E09E287AC3 /* Frameworks */,
				4AA136D4B690790B08C2B814 /* AmplifyModels */,
			);
			sourceTree = "<group>";
		};
		E1ED1CE4272D0EE300AD6034 /* Products */ = {
			isa = PBXGroup;
			children = (
				E1ED1CE3272D0EE300AD6034 /* Outfitters.app */,
			);
			name = Products;
			sourceTree = "<group>";
		};
		E1ED1CE5272D0EE300AD6034 /* Outfitters */ = {
			isa = PBXGroup;
			children = (
				E1926C3A273069E50071FDCF /* amplifyconfiguration.json */,
				E1926C39273069E50071FDCF /* awsconfiguration.json */,
				E18B1C37272F790700744C68 /* Info.plist */,
				E1ED1D0F272D2B2600AD6034 /* DisplayedViews */,
				E1ED1CE6272D0EE300AD6034 /* OutfittersApp.swift */,
				E12E5852272D34B5006B0D52 /* ClothingItem+Extension.swift */,
				E12E5890272D4CE2006B0D52 /* AppDelegate.swift */,
				E12E5896272DBBF7006B0D52 /* Post+Extensions.swift */,
				E1ED1D0B272D19E900AD6034 /* Extensions.swift */,
				E1ED1CFE272D10F900AD6034 /* VIewRouter.swift */,
				E1ED1CFA272D0FE900AD6034 /* SUImagePickerView.swift */,
				E12E5858272D417C006B0D52 /* Assets.xcassets */,
				E1ED1CEC272D0EE500AD6034 /* Preview Content */,
			);
			path = Outfitters;
			sourceTree = "<group>";
		};
		E1ED1CEC272D0EE500AD6034 /* Preview Content */ = {
			isa = PBXGroup;
			children = (
				E1ED1CED272D0EE500AD6034 /* Preview Assets.xcassets */,
			);
			path = "Preview Content";
			sourceTree = "<group>";
		};
		E1ED1D0F272D2B2600AD6034 /* DisplayedViews */ = {
			isa = PBXGroup;
			children = (
				E1ED1D0D272D221500AD6034 /* ClosetView.swift */,
				E1ED1CFC272D103100AD6034 /* AddClothesView.swift */,
				E1ED1CF8272D0FB600AD6034 /* ContentView.swift */,
			);
			path = DisplayedViews;
			sourceTree = "<group>";
		};
		E34D13788549D1E09E287AC3 /* Frameworks */ = {
			isa = PBXGroup;
			children = (
				E18B1C2D272F5E4200744C68 /* SQLite.framework */,
				E18B1C27272F5CF900744C68 /* SQLite.framework */,
				E18B1C05272F5CF300744C68 /* Amplify.framework */,
				E18B1C06272F5CF300744C68 /* AmplifyPlugins.framework */,
				E18B1C07272F5CF300744C68 /* AppSyncRealTimeClient.framework */,
				E18B1C08272F5CF300744C68 /* AWSAuthCore.framework */,
				E18B1C09272F5CF300744C68 /* AWSCognitoIdentityProvider.framework */,
				E18B1C0A272F5CF300744C68 /* AWSCognitoIdentityProviderASF.framework */,
				E18B1C0B272F5CF300744C68 /* AWSCore.framework */,
				E18B1C0C272F5CF300744C68 /* AWSMobileClient.framework */,
				E18B1C0D272F5CF300744C68 /* AWSPluginsCore.framework */,
				E18B1C0E272F5CF300744C68 /* AWSS3.framework */,
				E18B1C0F272F5CF300744C68 /* PhotoRoomKit.framework */,
				E12E5880272D48CE006B0D52 /* Amplify.framework */,
				EF9C3E2BD9F7FE327E3A9C74 /* Pods_Outfitters.framework */,
			);
			name = Frameworks;
			sourceTree = "<group>";
		};
/* End PBXGroup section */

/* Begin PBXNativeTarget section */
		E1ED1CE2272D0EE300AD6034 /* Outfitters */ = {
			isa = PBXNativeTarget;
			buildConfigurationList = E1ED1CF1272D0EE500AD6034 /* Build configuration list for PBXNativeTarget "Outfitters" */;
			buildPhases = (
				1F6D52EA339DB41F401A51E9 /* [CP] Check Pods Manifest.lock */,
				E1ED1CDF272D0EE300AD6034 /* Sources */,
				E1ED1CE0272D0EE300AD6034 /* Frameworks */,
				E1ED1CE1272D0EE300AD6034 /* Resources */,
				313ACB4AE8B875BA56F93F4C /* [CP] Embed Pods Frameworks */,
				E18B1C04272F5C2100744C68 /* ShellScript */,
				E18B1C30272F5E4200744C68 /* Embed Frameworks */,
			);
			buildRules = (
			);
			dependencies = (
			);
			name = Outfitters;
			productName = Outfitters;
			productReference = E1ED1CE3272D0EE300AD6034 /* Outfitters.app */;
			productType = "com.apple.product-type.application";
		};
/* End PBXNativeTarget section */

/* Begin PBXProject section */
		E1ED1CDB272D0EE300AD6034 /* Project object */ = {
			isa = PBXProject;
			attributes = {
				BuildIndependentTargetsInParallel = 1;
				LastSwiftUpdateCheck = 1300;
				LastUpgradeCheck = 1300;
				TargetAttributes = {
					E1ED1CE2272D0EE300AD6034 = {
						CreatedOnToolsVersion = 13.0;
					};
				};
			};
			buildConfigurationList = E1ED1CDE272D0EE300AD6034 /* Build configuration list for PBXProject "Outfitters" */;
			compatibilityVersion = "Xcode 13.0";
			developmentRegion = en;
			hasScannedForEncodings = 0;
			knownRegions = (
				en,
				Base,
			);
			mainGroup = E1ED1CDA272D0EE300AD6034;
			packageReferences = (
				E18B1C34272F781200744C68 /* XCRemoteSwiftPackageReference "SQLite.swift" */,
			);
			productRefGroup = E1ED1CE4272D0EE300AD6034 /* Products */;
			projectDirPath = "";
			projectRoot = "";
			targets = (
				E1ED1CE2272D0EE300AD6034 /* Outfitters */,
			);
		};
/* End PBXProject section */

/* Begin PBXResourcesBuildPhase section */
		E1ED1CE1272D0EE300AD6034 /* Resources */ = {
			isa = PBXResourcesBuildPhase;
			buildActionMask = 2147483647;
			files = (
				E1ED1CEE272D0EE500AD6034 /* Preview Assets.xcassets in Resources */,
				E12E5859272D417C006B0D52 /* Assets.xcassets in Resources */,
				E1926C3B273069E50071FDCF /* awsconfiguration.json in Resources */,
				E1926C3C273069E50071FDCF /* amplifyconfiguration.json in Resources */,
			);
			runOnlyForDeploymentPostprocessing = 0;
		};
/* End PBXResourcesBuildPhase section */

/* Begin PBXShellScriptBuildPhase section */
		1F6D52EA339DB41F401A51E9 /* [CP] Check Pods Manifest.lock */ = {
			isa = PBXShellScriptBuildPhase;
			buildActionMask = 2147483647;
			files = (
			);
			inputFileListPaths = (
			);
			inputPaths = (
				"${PODS_PODFILE_DIR_PATH}/Podfile.lock",
				"${PODS_ROOT}/Manifest.lock",
			);
			name = "[CP] Check Pods Manifest.lock";
			outputFileListPaths = (
			);
			outputPaths = (
				"$(DERIVED_FILE_DIR)/Pods-Outfitters-checkManifestLockResult.txt",
			);
			runOnlyForDeploymentPostprocessing = 0;
			shellPath = /bin/sh;
			shellScript = "diff \"${PODS_PODFILE_DIR_PATH}/Podfile.lock\" \"${PODS_ROOT}/Manifest.lock\" > /dev/null\nif [ $? != 0 ] ; then\n    # print error to STDERR\n    echo \"error: The sandbox is not in sync with the Podfile.lock. Run 'pod install' or update your CocoaPods installation.\" >&2\n    exit 1\nfi\n# This output is used by Xcode 'outputs' to avoid re-running this script phase.\necho \"SUCCESS\" > \"${SCRIPT_OUTPUT_FILE_0}\"\n";
			showEnvVarsInLog = 0;
		};
		313ACB4AE8B875BA56F93F4C /* [CP] Embed Pods Frameworks */ = {
			isa = PBXShellScriptBuildPhase;
			buildActionMask = 2147483647;
			files = (
			);
			inputFileListPaths = (
				"${PODS_ROOT}/Target Support Files/Pods-Outfitters/Pods-Outfitters-frameworks-${CONFIGURATION}-input-files.xcfilelist",
			);
			name = "[CP] Embed Pods Frameworks";
			outputFileListPaths = (
				"${PODS_ROOT}/Target Support Files/Pods-Outfitters/Pods-Outfitters-frameworks-${CONFIGURATION}-output-files.xcfilelist",
			);
			runOnlyForDeploymentPostprocessing = 0;
			shellPath = /bin/sh;
			shellScript = "\"${PODS_ROOT}/Target Support Files/Pods-Outfitters/Pods-Outfitters-frameworks.sh\"\n";
			showEnvVarsInLog = 0;
		};
		E18B1C04272F5C2100744C68 /* ShellScript */ = {
			isa = PBXShellScriptBuildPhase;
			buildActionMask = 2147483647;
			files = (
			);
			inputFileListPaths = (
			);
			inputPaths = (
			);
			outputFileListPaths = (
			);
			outputPaths = (
			);
			runOnlyForDeploymentPostprocessing = 0;
			shellPath = /bin/sh;
			shellScript = "# Type a script or drag a script file from your workspace to insert its path.\n\"${PODS_ROOT}/AmplifyTools/amplify-tools.sh\"\n";
		};
/* End PBXShellScriptBuildPhase section */

/* Begin PBXSourcesBuildPhase section */
		E1ED1CDF272D0EE300AD6034 /* Sources */ = {
			isa = PBXSourcesBuildPhase;
			buildActionMask = 2147483647;
			files = (
				E1ED1CF9272D0FB600AD6034 /* ContentView.swift in Sources */,
				E1ED1CFD272D103100AD6034 /* AddClothesView.swift in Sources */,
				E1ED1CE7272D0EE300AD6034 /* OutfittersApp.swift in Sources */,
				E1ED1CFF272D10F900AD6034 /* VIewRouter.swift in Sources */,
				E12E5853272D34B5006B0D52 /* ClothingItem+Extension.swift in Sources */,
				E1ED1D0E272D221500AD6034 /* ClosetView.swift in Sources */,
				E12E5891272D4CE2006B0D52 /* AppDelegate.swift in Sources */,
				E1ED1D0C272D19E900AD6034 /* Extensions.swift in Sources */,
				E12E5897272DBBF7006B0D52 /* Post+Extensions.swift in Sources */,
				E1ED1CFB272D0FE900AD6034 /* SUImagePickerView.swift in Sources */,
				212AA07585DB47BA1B8F4E1B /* AmplifyModels.swift in Sources */,
				32A7043C387BADCC68EE86FA /* Post+Schema.swift in Sources */,
				8B096F7269B7F566DEBD6205 /* Post.swift in Sources */,
			);
			runOnlyForDeploymentPostprocessing = 0;
		};
/* End PBXSourcesBuildPhase section */

/* Begin XCBuildConfiguration section */
		E1ED1CEF272D0EE500AD6034 /* Debug */ = {
			isa = XCBuildConfiguration;
			buildSettings = {
				ALWAYS_SEARCH_USER_PATHS = NO;
				CLANG_ANALYZER_NONNULL = YES;
				CLANG_ANALYZER_NUMBER_OBJECT_CONVERSION = YES_AGGRESSIVE;
				CLANG_CXX_LANGUAGE_STANDARD = "gnu++17";
				CLANG_CXX_LIBRARY = "libc++";
				CLANG_ENABLE_MODULES = YES;
				CLANG_ENABLE_OBJC_ARC = YES;
				CLANG_ENABLE_OBJC_WEAK = YES;
				CLANG_WARN_BLOCK_CAPTURE_AUTORELEASING = YES;
				CLANG_WARN_BOOL_CONVERSION = YES;
				CLANG_WARN_COMMA = YES;
				CLANG_WARN_CONSTANT_CONVERSION = YES;
				CLANG_WARN_DEPRECATED_OBJC_IMPLEMENTATIONS = YES;
				CLANG_WARN_DIRECT_OBJC_ISA_USAGE = YES_ERROR;
				CLANG_WARN_DOCUMENTATION_COMMENTS = YES;
				CLANG_WARN_EMPTY_BODY = YES;
				CLANG_WARN_ENUM_CONVERSION = YES;
				CLANG_WARN_INFINITE_RECURSION = YES;
				CLANG_WARN_INT_CONVERSION = YES;
				CLANG_WARN_NON_LITERAL_NULL_CONVERSION = YES;
				CLANG_WARN_OBJC_IMPLICIT_RETAIN_SELF = YES;
				CLANG_WARN_OBJC_LITERAL_CONVERSION = YES;
				CLANG_WARN_OBJC_ROOT_CLASS = YES_ERROR;
				CLANG_WARN_QUOTED_INCLUDE_IN_FRAMEWORK_HEADER = YES;
				CLANG_WARN_RANGE_LOOP_ANALYSIS = YES;
				CLANG_WARN_STRICT_PROTOTYPES = YES;
				CLANG_WARN_SUSPICIOUS_MOVE = YES;
				CLANG_WARN_UNGUARDED_AVAILABILITY = YES_AGGRESSIVE;
				CLANG_WARN_UNREACHABLE_CODE = YES;
				CLANG_WARN__DUPLICATE_METHOD_MATCH = YES;
				COPY_PHASE_STRIP = NO;
				DEBUG_INFORMATION_FORMAT = dwarf;
				ENABLE_STRICT_OBJC_MSGSEND = YES;
				ENABLE_TESTABILITY = YES;
				GCC_C_LANGUAGE_STANDARD = gnu11;
				GCC_DYNAMIC_NO_PIC = NO;
				GCC_NO_COMMON_BLOCKS = YES;
				GCC_OPTIMIZATION_LEVEL = 0;
				GCC_PREPROCESSOR_DEFINITIONS = (
					"DEBUG=1",
					"$(inherited)",
				);
				GCC_WARN_64_TO_32_BIT_CONVERSION = YES;
				GCC_WARN_ABOUT_RETURN_TYPE = YES_ERROR;
				GCC_WARN_UNDECLARED_SELECTOR = YES;
				GCC_WARN_UNINITIALIZED_AUTOS = YES_AGGRESSIVE;
				GCC_WARN_UNUSED_FUNCTION = YES;
				GCC_WARN_UNUSED_VARIABLE = YES;
				IPHONEOS_DEPLOYMENT_TARGET = 15.0;
				MTL_ENABLE_DEBUG_INFO = INCLUDE_SOURCE;
				MTL_FAST_MATH = YES;
				ONLY_ACTIVE_ARCH = YES;
				SDKROOT = iphoneos;
				SWIFT_ACTIVE_COMPILATION_CONDITIONS = DEBUG;
				SWIFT_OPTIMIZATION_LEVEL = "-Onone";
			};
			name = Debug;
		};
		E1ED1CF0272D0EE500AD6034 /* Release */ = {
			isa = XCBuildConfiguration;
			buildSettings = {
				ALWAYS_SEARCH_USER_PATHS = NO;
				CLANG_ANALYZER_NONNULL = YES;
				CLANG_ANALYZER_NUMBER_OBJECT_CONVERSION = YES_AGGRESSIVE;
				CLANG_CXX_LANGUAGE_STANDARD = "gnu++17";
				CLANG_CXX_LIBRARY = "libc++";
				CLANG_ENABLE_MODULES = YES;
				CLANG_ENABLE_OBJC_ARC = YES;
				CLANG_ENABLE_OBJC_WEAK = YES;
				CLANG_WARN_BLOCK_CAPTURE_AUTORELEASING = YES;
				CLANG_WARN_BOOL_CONVERSION = YES;
				CLANG_WARN_COMMA = YES;
				CLANG_WARN_CONSTANT_CONVERSION = YES;
				CLANG_WARN_DEPRECATED_OBJC_IMPLEMENTATIONS = YES;
				CLANG_WARN_DIRECT_OBJC_ISA_USAGE = YES_ERROR;
				CLANG_WARN_DOCUMENTATION_COMMENTS = YES;
				CLANG_WARN_EMPTY_BODY = YES;
				CLANG_WARN_ENUM_CONVERSION = YES;
				CLANG_WARN_INFINITE_RECURSION = YES;
				CLANG_WARN_INT_CONVERSION = YES;
				CLANG_WARN_NON_LITERAL_NULL_CONVERSION = YES;
				CLANG_WARN_OBJC_IMPLICIT_RETAIN_SELF = YES;
				CLANG_WARN_OBJC_LITERAL_CONVERSION = YES;
				CLANG_WARN_OBJC_ROOT_CLASS = YES_ERROR;
				CLANG_WARN_QUOTED_INCLUDE_IN_FRAMEWORK_HEADER = YES;
				CLANG_WARN_RANGE_LOOP_ANALYSIS = YES;
				CLANG_WARN_STRICT_PROTOTYPES = YES;
				CLANG_WARN_SUSPICIOUS_MOVE = YES;
				CLANG_WARN_UNGUARDED_AVAILABILITY = YES_AGGRESSIVE;
				CLANG_WARN_UNREACHABLE_CODE = YES;
				CLANG_WARN__DUPLICATE_METHOD_MATCH = YES;
				COPY_PHASE_STRIP = NO;
				DEBUG_INFORMATION_FORMAT = "dwarf-with-dsym";
				ENABLE_NS_ASSERTIONS = NO;
				ENABLE_STRICT_OBJC_MSGSEND = YES;
				GCC_C_LANGUAGE_STANDARD = gnu11;
				GCC_NO_COMMON_BLOCKS = YES;
				GCC_WARN_64_TO_32_BIT_CONVERSION = YES;
				GCC_WARN_ABOUT_RETURN_TYPE = YES_ERROR;
				GCC_WARN_UNDECLARED_SELECTOR = YES;
				GCC_WARN_UNINITIALIZED_AUTOS = YES_AGGRESSIVE;
				GCC_WARN_UNUSED_FUNCTION = YES;
				GCC_WARN_UNUSED_VARIABLE = YES;
				IPHONEOS_DEPLOYMENT_TARGET = 15.0;
				MTL_ENABLE_DEBUG_INFO = NO;
				MTL_FAST_MATH = YES;
				SDKROOT = iphoneos;
				SWIFT_COMPILATION_MODE = wholemodule;
				SWIFT_OPTIMIZATION_LEVEL = "-O";
				VALIDATE_PRODUCT = YES;
			};
			name = Release;
		};
		E1ED1CF2272D0EE500AD6034 /* Debug */ = {
			isa = XCBuildConfiguration;
			baseConfigurationReference = 5E59AACB188509280D23FC18 /* Pods-Outfitters.debug.xcconfig */;
			buildSettings = {
				ASSETCATALOG_COMPILER_APPICON_NAME = AppIcon;
				ASSETCATALOG_COMPILER_GLOBAL_ACCENT_COLOR_NAME = AccentColor;
				CODE_SIGN_STYLE = Automatic;
				CURRENT_PROJECT_VERSION = 1;
				DEVELOPMENT_ASSET_PATHS = "\"Outfitters/Preview Content\"";
				DEVELOPMENT_TEAM = JAFM26WWR8;
				ENABLE_PREVIEWS = YES;
				GENERATE_INFOPLIST_FILE = YES;
				INFOPLIST_FILE = Outfitters/Info.plist;
				INFOPLIST_KEY_NSCameraUsageDescription = "Outfitters uses camera to scan clothing items";
				INFOPLIST_KEY_UIApplicationSceneManifest_Generation = YES;
				INFOPLIST_KEY_UIApplicationSupportsIndirectInputEvents = YES;
				INFOPLIST_KEY_UILaunchScreen_Generation = YES;
				INFOPLIST_KEY_UISupportedInterfaceOrientations_iPad = "UIInterfaceOrientationPortrait UIInterfaceOrientationPortraitUpsideDown UIInterfaceOrientationLandscapeLeft UIInterfaceOrientationLandscapeRight";
				INFOPLIST_KEY_UISupportedInterfaceOrientations_iPhone = "UIInterfaceOrientationPortrait UIInterfaceOrientationLandscapeLeft UIInterfaceOrientationLandscapeRight";
				IPHONEOS_DEPLOYMENT_TARGET = 14.0;
				LD_RUNPATH_SEARCH_PATHS = (
					"$(inherited)",
					"@executable_path/Frameworks",
				);
				MARKETING_VERSION = 1.0;
				PRODUCT_BUNDLE_IDENTIFIER = com.VinWin.Outfitters;
				PRODUCT_NAME = "$(TARGET_NAME)";
				SWIFT_EMIT_LOC_STRINGS = YES;
				SWIFT_VERSION = 5.0;
				TARGETED_DEVICE_FAMILY = "1,2";
			};
			name = Debug;
		};
		E1ED1CF3272D0EE500AD6034 /* Release */ = {
			isa = XCBuildConfiguration;
			baseConfigurationReference = 9D2E7693DBDCF603DD049185 /* Pods-Outfitters.release.xcconfig */;
			buildSettings = {
				ASSETCATALOG_COMPILER_APPICON_NAME = AppIcon;
				ASSETCATALOG_COMPILER_GLOBAL_ACCENT_COLOR_NAME = AccentColor;
				CODE_SIGN_STYLE = Automatic;
				CURRENT_PROJECT_VERSION = 1;
				DEVELOPMENT_ASSET_PATHS = "\"Outfitters/Preview Content\"";
				DEVELOPMENT_TEAM = JAFM26WWR8;
				ENABLE_PREVIEWS = YES;
				GENERATE_INFOPLIST_FILE = YES;
				INFOPLIST_FILE = Outfitters/Info.plist;
				INFOPLIST_KEY_NSCameraUsageDescription = "Outfitters uses camera to scan clothing items";
				INFOPLIST_KEY_UIApplicationSceneManifest_Generation = YES;
				INFOPLIST_KEY_UIApplicationSupportsIndirectInputEvents = YES;
				INFOPLIST_KEY_UILaunchScreen_Generation = YES;
				INFOPLIST_KEY_UISupportedInterfaceOrientations_iPad = "UIInterfaceOrientationPortrait UIInterfaceOrientationPortraitUpsideDown UIInterfaceOrientationLandscapeLeft UIInterfaceOrientationLandscapeRight";
				INFOPLIST_KEY_UISupportedInterfaceOrientations_iPhone = "UIInterfaceOrientationPortrait UIInterfaceOrientationLandscapeLeft UIInterfaceOrientationLandscapeRight";
				IPHONEOS_DEPLOYMENT_TARGET = 14.0;
				LD_RUNPATH_SEARCH_PATHS = (
					"$(inherited)",
					"@executable_path/Frameworks",
				);
				MARKETING_VERSION = 1.0;
				PRODUCT_BUNDLE_IDENTIFIER = com.VinWin.Outfitters;
				PRODUCT_NAME = "$(TARGET_NAME)";
				SWIFT_EMIT_LOC_STRINGS = YES;
				SWIFT_VERSION = 5.0;
				TARGETED_DEVICE_FAMILY = "1,2";
			};
			name = Release;
		};
/* End XCBuildConfiguration section */

/* Begin XCConfigurationList section */
		E1ED1CDE272D0EE300AD6034 /* Build configuration list for PBXProject "Outfitters" */ = {
			isa = XCConfigurationList;
			buildConfigurations = (
				E1ED1CEF272D0EE500AD6034 /* Debug */,
				E1ED1CF0272D0EE500AD6034 /* Release */,
			);
			defaultConfigurationIsVisible = 0;
			defaultConfigurationName = Release;
		};
		E1ED1CF1272D0EE500AD6034 /* Build configuration list for PBXNativeTarget "Outfitters" */ = {
			isa = XCConfigurationList;
			buildConfigurations = (
				E1ED1CF2272D0EE500AD6034 /* Debug */,
				E1ED1CF3272D0EE500AD6034 /* Release */,
			);
			defaultConfigurationIsVisible = 0;
			defaultConfigurationName = Release;
		};
/* End XCConfigurationList section */

/* Begin XCRemoteSwiftPackageReference section */
		E18B1C34272F781200744C68 /* XCRemoteSwiftPackageReference "SQLite.swift" */ = {
			isa = XCRemoteSwiftPackageReference;
			repositoryURL = "https://github.com/stephencelis/SQLite.swift.git";
			requirement = {
				branch = master;
				kind = branch;
			};
		};
/* End XCRemoteSwiftPackageReference section */
	};
	rootObject = E1ED1CDB272D0EE300AD6034 /* Project object */;
}
